{
  "name": "idump-agent",
  "version": "0.0.0",
  "lockfileVersion": 3,
  "requires": true,
  "packages": {
    "": {
      "name": "idump-agent",
      "version": "0.0.0",
      "dependencies": {
        "frida-objc-bridge": "^8.0.5"
      }
    },
    "node_modules/frida-objc-bridge": {
      "version": "8.0.6",
      "resolved": "https://registry.npmjs.org/frida-objc-bridge/-/frida-objc-bridge-8.0.6.tgz",
      "integrity": "sha512-FafCVXbh8837VIyYv9OjJFwPv8w3EiJbDpdQbK50316TfY1paK8URiICzEQIboRLgAjtoi9MugXnys2DOZbiUg==",
      "license": "LGPL-2.0 WITH WxWindows-exception-3.1"
    }
  }
}
